
Microsoft Visual Studio Solution File, Format Version 12.00
# Visual Studio Version 16
VisualStudioVersion = 16.0.31005.135
MinimumVisualStudioVersion = 10.0.40219.1
Project("{FAE04EC0-301F-11D3-BF4B-00C04F79EFBC}") = "LR1", "LR1.csproj", "{170115DB-E3F5-45D4-BFCE-F70A0BB6AAA1}"
EndProject
Global
	GlobalSection(SolutionConfigurationPlatforms) = preSolution
		Debug|Any CPU = Debug|Any CPU
		Release|Any CPU = Release|Any CPU
	EndGlobalSection
	GlobalSection(ProjectConfigurationPlatforms) = postSolution
		{170115DB-E3F5-45D4-BFCE-F70A0BB6AAA1}.Debug|Any CPU.ActiveCfg = Debug|Any CPU
		{170115DB-E3F5-45D4-BFCE-F70A0BB6AAA1}.Debug|Any CPU.Build.0 = Debug|Any CPU
		{170115DB-E3F5-45D4-BFCE-F70A0BB6AAA1}.Release|Any CPU.ActiveCfg = Release|Any CPU
		{170115DB-E3F5-45D4-BFCE-F70A0BB6AAA1}.Release|Any CPU.Build.0 = Release|Any CPU
	EndGlobalSection
	GlobalSection(SolutionProperties) = preSolution
		HideSolutionNode = FALSE
	EndGlobalSection
	GlobalSection(ExtensibilityGlobals) = postSolution
		SolutionGuid = {58AD1958-E4FE-45A7-895B-EC50FE5708DD}
	EndGlobalSection
EndGlobal
